Microsoft Visual Studio Solution File, Format Version 12.00
# Visual Studio Version 17
VisualStudioVersion = 17.13.35931.197
MinimumVisualStudioVersion = 10.0.40219.1
Project("{FAE04EC0-301F-11D3-BF4B-00C04F79EFBC}") = "Welcome", "Welcome\Welcome.csproj", "{B081D295-A914-4815-AF78-CF831731F4B1}"
EndProject
Project("{FAE04EC0-301F-11D3-BF4B-00C04F79EFBC}") = "WelcomeExtended", "WelcomeExtended\WelcomeExtended.csproj", "{5D45A62D-F31F-81B4-0009-E3EDCFB26288}"
EndProject
Project("{FAE04EC0-301F-11D3-BF4B-00C04F79EFBC}") = "DataLayer", "DataLayer\DataLayer.csproj", "{691FBC4D-A422-43C5-96FB-83FE0C7B17CF}"
EndProject
Project("{FAE04EC0-301F-11D3-BF4B-00C04F79EFBC}") = "UI", "UI\UI.csproj", "{62B38C7B-7371-4921-9472-95873FAFE2E6}"
EndProject
Global
	GlobalSection(SolutionConfigurationPlatforms) = preSolution
		Debug|Any CPU = Debug|Any CPU
		Release|Any CPU = Release|Any CPU
	EndGlobalSection
	GlobalSection(ProjectConfigurationPlatforms) = postSolution
		{B081D295-A914-4815-AF78-CF831731F4B1}.Debug|Any CPU.ActiveCfg = Debug|Any CPU
		{B081D295-A914-4815-AF78-CF831731F4B1}.Debug|Any CPU.Build.0 = Debug|Any CPU
		{B081D295-A914-4815-AF78-CF831731F4B1}.Release|Any CPU.ActiveCfg = Release|Any CPU
		{B081D295-A914-4815-AF78-CF831731F4B1}.Release|Any CPU.Build.0 = Release|Any CPU
		{5D45A62D-F31F-81B4-0009-E3EDCFB26288}.Debug|Any CPU.ActiveCfg = Debug|Any CPU
		{5D45A62D-F31F-81B4-0009-E3EDCFB26288}.Debug|Any CPU.Build.0 = Debug|Any CPU
		{5D45A62D-F31F-81B4-0009-E3EDCFB26288}.Release|Any CPU.ActiveCfg = Release|Any CPU
		{5D45A62D-F31F-81B4-0009-E3EDCFB26288}.Release|Any CPU.Build.0 = Release|Any CPU
		{691FBC4D-A422-43C5-96FB-83FE0C7B17CF}.Debug|Any CPU.ActiveCfg = Debug|Any CPU
		{691FBC4D-A422-43C5-96FB-83FE0C7B17CF}.Debug|Any CPU.Build.0 = Debug|Any CPU
		{691FBC4D-A422-43C5-96FB-83FE0C7B17CF}.Release|Any CPU.ActiveCfg = Release|Any CPU
		{691FBC4D-A422-43C5-96FB-83FE0C7B17CF}.Release|Any CPU.Build.0 = Release|Any CPU
		{62B38C7B-7371-4921-9472-95873FAFE2E6}.Debug|Any CPU.ActiveCfg = Debug|Any CPU
		{62B38C7B-7371-4921-9472-95873FAFE2E6}.Debug|Any CPU.Build.0 = Debug|Any CPU
		{62B38C7B-7371-4921-9472-95873FAFE2E6}.Release|Any CPU.ActiveCfg = Release|Any CPU
		{62B38C7B-7371-4921-9472-95873FAFE2E6}.Release|Any CPU.Build.0 = Release|Any CPU
	EndGlobalSection
	GlobalSection(SolutionProperties) = preSolution
		HideSolutionNode = FALSE
	EndGlobalSection
	GlobalSection(ExtensibilityGlobals) = postSolution
		SolutionGuid = {EC0C4A48-DA9D-417B-87B0-EA1E0B9B8876}
	EndGlobalSection
EndGlobal
